
Microsoft Visual Studio Solution File, Format Version 12.00
# Visual Studio Version 17
VisualStudioVersion = 17.2.32519.379
MinimumVisualStudioVersion = 10.0.40219.1
Project("{FAE04EC0-301F-11D3-BF4B-00C04F79EFBC}") = "Prueba", "Prueba\Prueba.csproj", "{1F36AC1D-32B0-4B75-9165-27D90B67B918}"
EndProject
Global
	GlobalSection(SolutionConfigurationPlatforms) = preSolution
		Debug|Any CPU = Debug|Any CPU
		Release|Any CPU = Release|Any CPU
	EndGlobalSection
	GlobalSection(ProjectConfigurationPlatforms) = postSolution
		{1F36AC1D-32B0-4B75-9165-27D90B67B918}.Debug|Any CPU.ActiveCfg = Debug|Any CPU
		{1F36AC1D-32B0-4B75-9165-27D90B67B918}.Debug|Any CPU.Build.0 = Debug|Any CPU
		{1F36AC1D-32B0-4B75-9165-27D90B67B918}.Release|Any CPU.ActiveCfg = Release|Any CPU
		{1F36AC1D-32B0-4B75-9165-27D90B67B918}.Release|Any CPU.Build.0 = Release|Any CPU
	EndGlobalSection
	GlobalSection(SolutionProperties) = preSolution
		HideSolutionNode = FALSE
	EndGlobalSection
	GlobalSection(ExtensibilityGlobals) = postSolution
		SolutionGuid = {19369702-6DAE-4F65-89A0-8BDB7BE30F80}
	EndGlobalSection
EndGlobal
